{
  "name": "node_training",
  "version": "1.0.0",
  "lockfileVersion": 1,
  "requires": true,
  "dependencies": {
    "funny-log": {
      "version": "0.0.9",
      "resolved": "https://registry.npmjs.org/funny-log/-/funny-log-0.0.9.tgz",
      "integrity": "sha1-4+OzO/qG7F0nLI/Hva68ctQDd2Q=",
      "dev": true
    }
  }
}
